// !$*UTF8*$!
{
	archiveVersion = 1;
	classes = {
	};
	objectVersion = 50;
	objects = {

/* Begin PBXBuildFile section */
		85340B6DAC5847A1BEEB7DA8 /* Pods_Eagles_Yard_Sale.framework in Frameworks */ = {isa = PBXBuildFile; fileRef = F441F535F25B97759015616E /* Pods_Eagles_Yard_Sale.framework */; };
		D16687C7226FD43A003C8E26 /* AppDelegate.swift in Sources */ = {isa = PBXBuildFile; fileRef = D16687C6226FD43A003C8E26 /* AppDelegate.swift */; };
		D16687CC226FD43A003C8E26 /* Main.storyboard in Resources */ = {isa = PBXBuildFile; fileRef = D16687CA226FD43A003C8E26 /* Main.storyboard */; };
		D16687CE226FD43D003C8E26 /* Assets.xcassets in Resources */ = {isa = PBXBuildFile; fileRef = D16687CD226FD43D003C8E26 /* Assets.xcassets */; };
		D16687D1226FD43D003C8E26 /* LaunchScreen.storyboard in Resources */ = {isa = PBXBuildFile; fileRef = D16687CF226FD43D003C8E26 /* LaunchScreen.storyboard */; };
		D16687DD226FFF5C003C8E26 /* Post.swift in Sources */ = {isa = PBXBuildFile; fileRef = D16687DC226FFF5C003C8E26 /* Post.swift */; };
		D16687DF227000D2003C8E26 /* Posts.swift in Sources */ = {isa = PBXBuildFile; fileRef = D16687DE227000D2003C8E26 /* Posts.swift */; };
		D16687E32270111D003C8E26 /* PostViewController.swift in Sources */ = {isa = PBXBuildFile; fileRef = D16687E22270111D003C8E26 /* PostViewController.swift */; };
		D16687E522702100003C8E26 /* GoogleService-Info.plist in Resources */ = {isa = PBXBuildFile; fileRef = D16687E4227020FF003C8E26 /* GoogleService-Info.plist */; };
		D16687E72270F151003C8E26 /* CSOMTableViewController.swift in Sources */ = {isa = PBXBuildFile; fileRef = D16687E62270F150003C8E26 /* CSOMTableViewController.swift */; };
		D16687E92271099E003C8E26 /* InitialViewController.swift in Sources */ = {isa = PBXBuildFile; fileRef = D16687E82271099E003C8E26 /* InitialViewController.swift */; };
		D16687EB22710C6B003C8E26 /* Array.swift in Sources */ = {isa = PBXBuildFile; fileRef = D16687EA22710C6B003C8E26 /* Array.swift */; };
		D16687ED22710E80003C8E26 /* CSONTableViewController.swift in Sources */ = {isa = PBXBuildFile; fileRef = D16687EC22710E80003C8E26 /* CSONTableViewController.swift */; };
		D16687EF22710E8F003C8E26 /* MCASTableViewController.swift in Sources */ = {isa = PBXBuildFile; fileRef = D16687EE22710E8F003C8E26 /* MCASTableViewController.swift */; };
		D16687F122710E9E003C8E26 /* LSOETableViewController.swift in Sources */ = {isa = PBXBuildFile; fileRef = D16687F022710E9E003C8E26 /* LSOETableViewController.swift */; };
		D18890632276A9C1004DBCEB /* DetailTableViewController.swift in Sources */ = {isa = PBXBuildFile; fileRef = D18890622276A9C1004DBCEB /* DetailTableViewController.swift */; };
		D18890672276C528004DBCEB /* TableViewCell.swift in Sources */ = {isa = PBXBuildFile; fileRef = D18890662276C528004DBCEB /* TableViewCell.swift */; };
		D1889069227716AE004DBCEB /* ContainerViewController.swift in Sources */ = {isa = PBXBuildFile; fileRef = D1889068227716AE004DBCEB /* ContainerViewController.swift */; };
		D18FC44A2274CFD500307AFB /* Photos.swift in Sources */ = {isa = PBXBuildFile; fileRef = D18FC4482274CFD400307AFB /* Photos.swift */; };
		D18FC44B2274CFD500307AFB /* Photo.swift in Sources */ = {isa = PBXBuildFile; fileRef = D18FC4492274CFD500307AFB /* Photo.swift */; };
/* End PBXBuildFile section */

/* Begin PBXFileReference section */
		17641F4EB3F836C457454F86 /* Pods-Eagles Yard Sale.release.xcconfig */ = {isa = PBXFileReference; includeInIndex = 1; lastKnownFileType = text.xcconfig; name = "Pods-Eagles Yard Sale.release.xcconfig"; path = "Target Support Files/Pods-Eagles Yard Sale/Pods-Eagles Yard Sale.release.xcconfig"; sourceTree = "<group>"; };
		4CC327C9A604D17BC54E8993 /* Pods-Eagles Yard Sale.debug.xcconfig */ = {isa = PBXFileReference; includeInIndex = 1; lastKnownFileType = text.xcconfig; name = "Pods-Eagles Yard Sale.debug.xcconfig"; path = "Target Support Files/Pods-Eagles Yard Sale/Pods-Eagles Yard Sale.debug.xcconfig"; sourceTree = "<group>"; };
		D16687C3226FD43A003C8E26 /* Eagles Yard Sale.app */ = {isa = PBXFileReference; explicitFileType = wrapper.application; includeInIndex = 0; path = "Eagles Yard Sale.app"; sourceTree = BUILT_PRODUCTS_DIR; };
		D16687C6226FD43A003C8E26 /* AppDelegate.swift */ = {isa = PBXFileReference; lastKnownFileType = sourcecode.swift; path = AppDelegate.swift; sourceTree = "<group>"; };
		D16687CB226FD43A003C8E26 /* Base */ = {isa = PBXFileReference; lastKnownFileType = file.storyboard; name = Base; path = Base.lproj/Main.storyboard; sourceTree = "<group>"; };
		D16687CD226FD43D003C8E26 /* Assets.xcassets */ = {isa = PBXFileReference; lastKnownFileType = folder.assetcatalog; path = Assets.xcassets; sourceTree = "<group>"; };
		D16687D0226FD43D003C8E26 /* Base */ = {isa = PBXFileReference; lastKnownFileType = file.storyboard; name = Base; path = Base.lproj/LaunchScreen.storyboard; sourceTree = "<group>"; };
		D16687D2226FD43D003C8E26 /* Info.plist */ = {isa = PBXFileReference; lastKnownFileType = text.plist.xml; path = Info.plist; sourceTree = "<group>"; };
		D16687DC226FFF5C003C8E26 /* Post.swift */ = {isa = PBXFileReference; lastKnownFileType = sourcecode.swift; path = Post.swift; sourceTree = "<group>"; };
		D16687DE227000D2003C8E26 /* Posts.swift */ = {isa = PBXFileReference; lastKnownFileType = sourcecode.swift; path = Posts.swift; sourceTree = "<group>"; };
		D16687E22270111D003C8E26 /* PostViewController.swift */ = {isa = PBXFileReference; lastKnownFileType = sourcecode.swift; path = PostViewController.swift; sourceTree = "<group>"; };
		D16687E4227020FF003C8E26 /* GoogleService-Info.plist */ = {isa = PBXFileReference; fileEncoding = 4; lastKnownFileType = text.plist.xml; path = "GoogleService-Info.plist"; sourceTree = "<group>"; };
		D16687E62270F150003C8E26 /* CSOMTableViewController.swift */ = {isa = PBXFileReference; lastKnownFileType = sourcecode.swift; path = CSOMTableViewController.swift; sourceTree = "<group>"; };
		D16687E82271099E003C8E26 /* InitialViewController.swift */ = {isa = PBXFileReference; lastKnownFileType = sourcecode.swift; path = InitialViewController.swift; sourceTree = "<group>"; };
		D16687EA22710C6B003C8E26 /* Array.swift */ = {isa = PBXFileReference; lastKnownFileType = sourcecode.swift; path = Array.swift; sourceTree = "<group>"; };
		D16687EC22710E80003C8E26 /* CSONTableViewController.swift */ = {isa = PBXFileReference; lastKnownFileType = sourcecode.swift; path = CSONTableViewController.swift; sourceTree = "<group>"; };
		D16687EE22710E8F003C8E26 /* MCASTableViewController.swift */ = {isa = PBXFileReference; lastKnownFileType = sourcecode.swift; path = MCASTableViewController.swift; sourceTree = "<group>"; };
		D16687F022710E9E003C8E26 /* LSOETableViewController.swift */ = {isa = PBXFileReference; lastKnownFileType = sourcecode.swift; path = LSOETableViewController.swift; sourceTree = "<group>"; };
		D18890622276A9C1004DBCEB /* DetailTableViewController.swift */ = {isa = PBXFileReference; lastKnownFileType = sourcecode.swift; path = DetailTableViewController.swift; sourceTree = "<group>"; };
		D18890662276C528004DBCEB /* TableViewCell.swift */ = {isa = PBXFileReference; fileEncoding = 4; lastKnownFileType = sourcecode.swift; path = TableViewCell.swift; sourceTree = "<group>"; };
		D1889068227716AE004DBCEB /* ContainerViewController.swift */ = {isa = PBXFileReference; lastKnownFileType = sourcecode.swift; path = ContainerViewController.swift; sourceTree = "<group>"; };
		D18FC4482274CFD400307AFB /* Photos.swift */ = {isa = PBXFileReference; fileEncoding = 4; lastKnownFileType = sourcecode.swift; path = Photos.swift; sourceTree = "<group>"; };
		D18FC4492274CFD500307AFB /* Photo.swift */ = {isa = PBXFileReference; fileEncoding = 4; lastKnownFileType = sourcecode.swift; path = Photo.swift; sourceTree = "<group>"; };
		F441F535F25B97759015616E /* Pods_Eagles_Yard_Sale.framework */ = {isa = PBXFileReference; explicitFileType = wrapper.framework; includeInIndex = 0; path = Pods_Eagles_Yard_Sale.framework; sourceTree = BUILT_PRODUCTS_DIR; };
/* End PBXFileReference section */

/* Begin PBXFrameworksBuildPhase section */
		D16687C0226FD43A003C8E26 /* Frameworks */ = {
			isa = PBXFrameworksBuildPhase;
			buildActionMask = 2147483647;
			files = (
				85340B6DAC5847A1BEEB7DA8 /* Pods_Eagles_Yard_Sale.framework in Frameworks */,
			);
			runOnlyForDeploymentPostprocessing = 0;
		};
/* End PBXFrameworksBuildPhase section */

/* Begin PBXGroup section */
		1FF1C6D871074F3D4C33311E /* Pods */ = {
			isa = PBXGroup;
			children = (
				4CC327C9A604D17BC54E8993 /* Pods-Eagles Yard Sale.debug.xcconfig */,
				17641F4EB3F836C457454F86 /* Pods-Eagles Yard Sale.release.xcconfig */,
			);
			path = Pods;
			sourceTree = "<group>";
		};
		D16687BA226FD43A003C8E26 = {
			isa = PBXGroup;
			children = (
				D16687C5226FD43A003C8E26 /* Eagles Yard Sale */,
				D16687C4226FD43A003C8E26 /* Products */,
				1FF1C6D871074F3D4C33311E /* Pods */,
				FAABB324637B70E4DF23A029 /* Frameworks */,
			);
			sourceTree = "<group>";
		};
		D16687C4226FD43A003C8E26 /* Products */ = {
			isa = PBXGroup;
			children = (
				D16687C3226FD43A003C8E26 /* Eagles Yard Sale.app */,
			);
			name = Products;
			sourceTree = "<group>";
		};
		D16687C5226FD43A003C8E26 /* Eagles Yard Sale */ = {
			isa = PBXGroup;
			children = (
				D16687C6226FD43A003C8E26 /* AppDelegate.swift */,
				D1889068227716AE004DBCEB /* ContainerViewController.swift */,
				D16687E82271099E003C8E26 /* InitialViewController.swift */,
				D16687E62270F150003C8E26 /* CSOMTableViewController.swift */,
				D16687EC22710E80003C8E26 /* CSONTableViewController.swift */,
				D16687EE22710E8F003C8E26 /* MCASTableViewController.swift */,
				D16687F022710E9E003C8E26 /* LSOETableViewController.swift */,
				D18890622276A9C1004DBCEB /* DetailTableViewController.swift */,
				D18890662276C528004DBCEB /* TableViewCell.swift */,
				D16687E22270111D003C8E26 /* PostViewController.swift */,
				D16687EA22710C6B003C8E26 /* Array.swift */,
				D16687DE227000D2003C8E26 /* Posts.swift */,
				D16687DC226FFF5C003C8E26 /* Post.swift */,
				D18FC4492274CFD500307AFB /* Photo.swift */,
				D18FC4482274CFD400307AFB /* Photos.swift */,
				D16687CA226FD43A003C8E26 /* Main.storyboard */,
				D16687CD226FD43D003C8E26 /* Assets.xcassets */,
				D16687CF226FD43D003C8E26 /* LaunchScreen.storyboard */,
				D16687D2226FD43D003C8E26 /* Info.plist */,
				D16687E4227020FF003C8E26 /* GoogleService-Info.plist */,
			);
			path = "Eagles Yard Sale";
			sourceTree = "<group>";
		};
		FAABB324637B70E4DF23A029 /* Frameworks */ = {
			isa = PBXGroup;
			children = (
				F441F535F25B97759015616E /* Pods_Eagles_Yard_Sale.framework */,
			);
			name = Frameworks;
			sourceTree = "<group>";
		};
/* End PBXGroup section */

/* Begin PBXNativeTarget section */
		D16687C2226FD43A003C8E26 /* Eagles Yard Sale */ = {
			isa = PBXNativeTarget;
			buildConfigurationList = D16687D5226FD43D003C8E26 /* Build configuration list for PBXNativeTarget "Eagles Yard Sale" */;
			buildPhases = (
				54A7A9AAC6C4A36BDB11FA47 /* [CP] Check Pods Manifest.lock */,
				D16687BF226FD43A003C8E26 /* Sources */,
				D16687C0226FD43A003C8E26 /* Frameworks */,
				D16687C1226FD43A003C8E26 /* Resources */,
				C9487A4A0860AA244E982429 /* [CP] Embed Pods Frameworks */,
				95A0931E1175950600A525B2 /* [CP] Copy Pods Resources */,
			);
			buildRules = (
			);
			dependencies = (
			);
			name = "Eagles Yard Sale";
			productName = "Eagles Yard Sale";
			productReference = D16687C3226FD43A003C8E26 /* Eagles Yard Sale.app */;
			productType = "com.apple.product-type.application";
		};
/* End PBXNativeTarget section */

/* Begin PBXProject section */
		D16687BB226FD43A003C8E26 /* Project object */ = {
			isa = PBXProject;
			attributes = {
				LastSwiftUpdateCheck = 1010;
				LastUpgradeCheck = 1010;
				ORGANIZATIONNAME = "Alice Liang";
				TargetAttributes = {
					D16687C2226FD43A003C8E26 = {
						CreatedOnToolsVersion = 10.1;
					};
				};
			};
			buildConfigurationList = D16687BE226FD43A003C8E26 /* Build configuration list for PBXProject "Eagles Yard Sale" */;
			compatibilityVersion = "Xcode 9.3";
			developmentRegion = en;
			hasScannedForEncodings = 0;
			knownRegions = (
				en,
				Base,
			);
			mainGroup = D16687BA226FD43A003C8E26;
			productRefGroup = D16687C4226FD43A003C8E26 /* Products */;
			projectDirPath = "";
			projectRoot = "";
			targets = (
				D16687C2226FD43A003C8E26 /* Eagles Yard Sale */,
			);
		};
/* End PBXProject section */

/* Begin PBXResourcesBuildPhase section */
		D16687C1226FD43A003C8E26 /* Resources */ = {
			isa = PBXResourcesBuildPhase;
			buildActionMask = 2147483647;
			files = (
				D16687D1226FD43D003C8E26 /* LaunchScreen.storyboard in Resources */,
				D16687CE226FD43D003C8E26 /* Assets.xcassets in Resources */,
				D16687CC226FD43A003C8E26 /* Main.storyboard in Resources */,
				D16687E522702100003C8E26 /* GoogleService-Info.plist in Resources */,
			);
			runOnlyForDeploymentPostprocessing = 0;
		};
/* End PBXResourcesBuildPhase section */

/* Begin PBXShellScriptBuildPhase section */
		54A7A9AAC6C4A36BDB11FA47 /* [CP] Check Pods Manifest.lock */ = {
			isa = PBXShellScriptBuildPhase;
			buildActionMask = 2147483647;
			files = (
			);
			inputFileListPaths = (
			);
			inputPaths = (
				"${PODS_PODFILE_DIR_PATH}/Podfile.lock",
				"${PODS_ROOT}/Manifest.lock",
			);
			name = "[CP] Check Pods Manifest.lock";
			outputFileListPaths = (
			);
			outputPaths = (
				"$(DERIVED_FILE_DIR)/Pods-Eagles Yard Sale-checkManifestLockResult.txt",
			);
			runOnlyForDeploymentPostprocessing = 0;
			shellPath = /bin/sh;
			shellScript = "diff \"${PODS_PODFILE_DIR_PATH}/Podfile.lock\" \"${PODS_ROOT}/Manifest.lock\" > /dev/null\nif [ $? != 0 ] ; then\n    # print error to STDERR\n    echo \"error: The sandbox is not in sync with the Podfile.lock. Run 'pod install' or update your CocoaPods installation.\" >&2\n    exit 1\nfi\n# This output is used by Xcode 'outputs' to avoid re-running this script phase.\necho \"SUCCESS\" > \"${SCRIPT_OUTPUT_FILE_0}\"\n";
			showEnvVarsInLog = 0;
		};
		95A0931E1175950600A525B2 /* [CP] Copy Pods Resources */ = {
			isa = PBXShellScriptBuildPhase;
			buildActionMask = 2147483647;
			files = (
			);
			inputFileListPaths = (
			);
			inputPaths = (
				"${PODS_ROOT}/Target Support Files/Pods-Eagles Yard Sale/Pods-Eagles Yard Sale-resources.sh",
				"${PODS_CONFIGURATION_BUILD_DIR}/FirebaseUI/FirebaseAuthUI.bundle",
				"${PODS_CONFIGURATION_BUILD_DIR}/FirebaseUI/FirebaseGoogleAuthUI.bundle",
				"${PODS_ROOT}/GoogleSignIn/Resources/GoogleSignIn.bundle",
			);
			name = "[CP] Copy Pods Resources";
			outputFileListPaths = (
			);
			outputPaths = (
				"${TARGET_BUILD_DIR}/${UNLOCALIZED_RESOURCES_FOLDER_PATH}/FirebaseAuthUI.bundle",
				"${TARGET_BUILD_DIR}/${UNLOCALIZED_RESOURCES_FOLDER_PATH}/FirebaseGoogleAuthUI.bundle",
				"${TARGET_BUILD_DIR}/${UNLOCALIZED_RESOURCES_FOLDER_PATH}/GoogleSignIn.bundle",
			);
			runOnlyForDeploymentPostprocessing = 0;
			shellPath = /bin/sh;
			shellScript = "\"${PODS_ROOT}/Target Support Files/Pods-Eagles Yard Sale/Pods-Eagles Yard Sale-resources.sh\"\n";
			showEnvVarsInLog = 0;
		};
		C9487A4A0860AA244E982429 /* [CP] Embed Pods Frameworks */ = {
			isa = PBXShellScriptBuildPhase;
			buildActionMask = 2147483647;
			files = (
			);
			inputFileListPaths = (
			);
			inputPaths = (
				"${PODS_ROOT}/Target Support Files/Pods-Eagles Yard Sale/Pods-Eagles Yard Sale-frameworks.sh",
				"${BUILT_PRODUCTS_DIR}/BoringSSL-GRPC/openssl_grpc.framework",
				"${BUILT_PRODUCTS_DIR}/GTMSessionFetcher/GTMSessionFetcher.framework",
				"${BUILT_PRODUCTS_DIR}/GoogleToolboxForMac/GoogleToolboxForMac.framework",
				"${BUILT_PRODUCTS_DIR}/GoogleUtilities/GoogleUtilities.framework",
				"${BUILT_PRODUCTS_DIR}/Protobuf/Protobuf.framework",
				"${BUILT_PRODUCTS_DIR}/gRPC-C++/grpcpp.framework",
				"${BUILT_PRODUCTS_DIR}/gRPC-Core/grpc.framework",
				"${BUILT_PRODUCTS_DIR}/leveldb-library/leveldb.framework",
				"${BUILT_PRODUCTS_DIR}/nanopb/nanopb.framework",
			);
			name = "[CP] Embed Pods Frameworks";
			outputFileListPaths = (
			);
			outputPaths = (
				"${TARGET_BUILD_DIR}/${FRAMEWORKS_FOLDER_PATH}/openssl_grpc.framework",
				"${TARGET_BUILD_DIR}/${FRAMEWORKS_FOLDER_PATH}/GTMSessionFetcher.framework",
				"${TARGET_BUILD_DIR}/${FRAMEWORKS_FOLDER_PATH}/GoogleToolboxForMac.framework",
				"${TARGET_BUILD_DIR}/${FRAMEWORKS_FOLDER_PATH}/GoogleUtilities.framework",
				"${TARGET_BUILD_DIR}/${FRAMEWORKS_FOLDER_PATH}/Protobuf.framework",
				"${TARGET_BUILD_DIR}/${FRAMEWORKS_FOLDER_PATH}/grpcpp.framework",
				"${TARGET_BUILD_DIR}/${FRAMEWORKS_FOLDER_PATH}/grpc.framework",
				"${TARGET_BUILD_DIR}/${FRAMEWORKS_FOLDER_PATH}/leveldb.framework",
				"${TARGET_BUILD_DIR}/${FRAMEWORKS_FOLDER_PATH}/nanopb.framework",
			);
			runOnlyForDeploymentPostprocessing = 0;
			shellPath = /bin/sh;
			shellScript = "\"${PODS_ROOT}/Target Support Files/Pods-Eagles Yard Sale/Pods-Eagles Yard Sale-frameworks.sh\"\n";
			showEnvVarsInLog = 0;
		};
/* End PBXShellScriptBuildPhase section */

/* Begin PBXSourcesBuildPhase section */
		D16687BF226FD43A003C8E26 /* Sources */ = {
			isa = PBXSourcesBuildPhase;
			buildActionMask = 2147483647;
			files = (
				D18890672276C528004DBCEB /* TableViewCell.swift in Sources */,
				D18FC44B2274CFD500307AFB /* Photo.swift in Sources */,
				D16687E72270F151003C8E26 /* CSOMTableViewController.swift in Sources */,
				D18890632276A9C1004DBCEB /* DetailTableViewController.swift in Sources */,
				D16687DD226FFF5C003C8E26 /* Post.swift in Sources */,
				D16687EF22710E8F003C8E26 /* MCASTableViewController.swift in Sources */,
				D16687F122710E9E003C8E26 /* LSOETableViewController.swift in Sources */,
				D16687E92271099E003C8E26 /* InitialViewController.swift in Sources */,
				D18FC44A2274CFD500307AFB /* Photos.swift in Sources */,
				D1889069227716AE004DBCEB /* ContainerViewController.swift in Sources */,
				D16687ED22710E80003C8E26 /* CSONTableViewController.swift in Sources */,
				D16687E32270111D003C8E26 /* PostViewController.swift in Sources */,
				D16687EB22710C6B003C8E26 /* Array.swift in Sources */,
				D16687DF227000D2003C8E26 /* Posts.swift in Sources */,
				D16687C7226FD43A003C8E26 /* AppDelegate.swift in Sources */,
			);
			runOnlyForDeploymentPostprocessing = 0;
		};
/* End PBXSourcesBuildPhase section */

/* Begin PBXVariantGroup section */
		D16687CA226FD43A003C8E26 /* Main.storyboard */ = {
			isa = PBXVariantGroup;
			children = (
				D16687CB226FD43A003C8E26 /* Base */,
			);
			name = Main.storyboard;
			sourceTree = "<group>";
		};
		D16687CF226FD43D003C8E26 /* LaunchScreen.storyboard */ = {
			isa = PBXVariantGroup;
			children = (
				D16687D0226FD43D003C8E26 /* Base */,
			);
			name = LaunchScreen.storyboard;
			sourceTree = "<group>";
		};
/* End PBXVariantGroup section */

/* Begin XCBuildConfiguration section */
		D16687D3226FD43D003C8E26 /* Debug */ = {
			isa = XCBuildConfiguration;
			buildSettings = {
				ALWAYS_SEARCH_USER_PATHS = NO;
				CLANG_ANALYZER_NONNULL = YES;
				CLANG_ANALYZER_NUMBER_OBJECT_CONVERSION = YES_AGGRESSIVE;
				CLANG_CXX_LANGUAGE_STANDARD = "gnu++14";
				CLANG_CXX_LIBRARY = "libc++";
				CLANG_ENABLE_MODULES = YES;
				CLANG_ENABLE_OBJC_ARC = YES;
				CLANG_ENABLE_OBJC_WEAK = YES;
				CLANG_WARN_BLOCK_CAPTURE_AUTORELEASING = YES;
				CLANG_WARN_BOOL_CONVERSION = YES;
				CLANG_WARN_COMMA = YES;
				CLANG_WARN_CONSTANT_CONVERSION = YES;
				CLANG_WARN_DEPRECATED_OBJC_IMPLEMENTATIONS = YES;
				CLANG_WARN_DIRECT_OBJC_ISA_USAGE = YES_ERROR;
				CLANG_WARN_DOCUMENTATION_COMMENTS = YES;
				CLANG_WARN_EMPTY_BODY = YES;
				CLANG_WARN_ENUM_CONVERSION = YES;
				CLANG_WARN_INFINITE_RECURSION = YES;
				CLANG_WARN_INT_CONVERSION = YES;
				CLANG_WARN_NON_LITERAL_NULL_CONVERSION = YES;
				CLANG_WARN_OBJC_IMPLICIT_RETAIN_SELF = YES;
				CLANG_WARN_OBJC_LITERAL_CONVERSION = YES;
				CLANG_WARN_OBJC_ROOT_CLASS = YES_ERROR;
				CLANG_WARN_RANGE_LOOP_ANALYSIS = YES;
				CLANG_WARN_STRICT_PROTOTYPES = YES;
				CLANG_WARN_SUSPICIOUS_MOVE = YES;
				CLANG_WARN_UNGUARDED_AVAILABILITY = YES_AGGRESSIVE;
				CLANG_WARN_UNREACHABLE_CODE = YES;
				CLANG_WARN__DUPLICATE_METHOD_MATCH = YES;
				CODE_SIGN_IDENTITY = "iPhone Developer";
				COPY_PHASE_STRIP = NO;
				DEBUG_INFORMATION_FORMAT = dwarf;
				ENABLE_STRICT_OBJC_MSGSEND = YES;
				ENABLE_TESTABILITY = YES;
				GCC_C_LANGUAGE_STANDARD = gnu11;
				GCC_DYNAMIC_NO_PIC = NO;
				GCC_NO_COMMON_BLOCKS = YES;
				GCC_OPTIMIZATION_LEVEL = 0;
				GCC_PREPROCESSOR_DEFINITIONS = (
					"DEBUG=1",
					"$(inherited)",
				);
				GCC_WARN_64_TO_32_BIT_CONVERSION = YES;
				GCC_WARN_ABOUT_RETURN_TYPE = YES_ERROR;
				GCC_WARN_UNDECLARED_SELECTOR = YES;
				GCC_WARN_UNINITIALIZED_AUTOS = YES_AGGRESSIVE;
				GCC_WARN_UNUSED_FUNCTION = YES;
				GCC_WARN_UNUSED_VARIABLE = YES;
				IPHONEOS_DEPLOYMENT_TARGET = 11.0;
				MTL_ENABLE_DEBUG_INFO = INCLUDE_SOURCE;
				MTL_FAST_MATH = YES;
				ONLY_ACTIVE_ARCH = YES;
				SDKROOT = iphoneos;
				SWIFT_ACTIVE_COMPILATION_CONDITIONS = DEBUG;
				SWIFT_OPTIMIZATION_LEVEL = "-Onone";
			};
			name = Debug;
		};
		D16687D4226FD43D003C8E26 /* Release */ = {
			isa = XCBuildConfiguration;
			buildSettings = {
				ALWAYS_SEARCH_USER_PATHS = NO;
				CLANG_ANALYZER_NONNULL = YES;
				CLANG_ANALYZER_NUMBER_OBJECT_CONVERSION = YES_AGGRESSIVE;
				CLANG_CXX_LANGUAGE_STANDARD = "gnu++14";
				CLANG_CXX_LIBRARY = "libc++";
				CLANG_ENABLE_MODULES = YES;
				CLANG_ENABLE_OBJC_ARC = YES;
				CLANG_ENABLE_OBJC_WEAK = YES;
				CLANG_WARN_BLOCK_CAPTURE_AUTORELEASING = YES;
				CLANG_WARN_BOOL_CONVERSION = YES;
				CLANG_WARN_COMMA = YES;
				CLANG_WARN_CONSTANT_CONVERSION = YES;
				CLANG_WARN_DEPRECATED_OBJC_IMPLEMENTATIONS = YES;
				CLANG_WARN_DIRECT_OBJC_ISA_USAGE = YES_ERROR;
				CLANG_WARN_DOCUMENTATION_COMMENTS = YES;
				CLANG_WARN_EMPTY_BODY = YES;
				CLANG_WARN_ENUM_CONVERSION = YES;
				CLANG_WARN_INFINITE_RECURSION = YES;
				CLANG_WARN_INT_CONVERSION = YES;
				CLANG_WARN_NON_LITERAL_NULL_CONVERSION = YES;
				CLANG_WARN_OBJC_IMPLICIT_RETAIN_SELF = YES;
				CLANG_WARN_OBJC_LITERAL_CONVERSION = YES;
				CLANG_WARN_OBJC_ROOT_CLASS = YES_ERROR;
				CLANG_WARN_RANGE_LOOP_ANALYSIS = YES;
				CLANG_WARN_STRICT_PROTOTYPES = YES;
				CLANG_WARN_SUSPICIOUS_MOVE = YES;
				CLANG_WARN_UNGUARDED_AVAILABILITY = YES_AGGRESSIVE;
				CLANG_WARN_UNREACHABLE_CODE = YES;
				CLANG_WARN__DUPLICATE_METHOD_MATCH = YES;
				CODE_SIGN_IDENTITY = "iPhone Developer";
				COPY_PHASE_STRIP = NO;
				DEBUG_INFORMATION_FORMAT = "dwarf-with-dsym";
				ENABLE_NS_ASSERTIONS = NO;
				ENABLE_STRICT_OBJC_MSGSEND = YES;
				GCC_C_LANGUAGE_STANDARD = gnu11;
				GCC_NO_COMMON_BLOCKS = YES;
				GCC_WARN_64_TO_32_BIT_CONVERSION = YES;
				GCC_WARN_ABOUT_RETURN_TYPE = YES_ERROR;
				GCC_WARN_UNDECLARED_SELECTOR = YES;
				GCC_WARN_UNINITIALIZED_AUTOS = YES_AGGRESSIVE;
				GCC_WARN_UNUSED_FUNCTION = YES;
				GCC_WARN_UNUSED_VARIABLE = YES;
				IPHONEOS_DEPLOYMENT_TARGET = 11.0;
				MTL_ENABLE_DEBUG_INFO = NO;
				MTL_FAST_MATH = YES;
				SDKROOT = iphoneos;
				SWIFT_COMPILATION_MODE = wholemodule;
				SWIFT_OPTIMIZATION_LEVEL = "-O";
				VALIDATE_PRODUCT = YES;
			};
			name = Release;
		};
		D16687D6226FD43D003C8E26 /* Debug */ = {
			isa = XCBuildConfiguration;
			baseConfigurationReference = 4CC327C9A604D17BC54E8993 /* Pods-Eagles Yard Sale.debug.xcconfig */;
			buildSettings = {
				ASSETCATALOG_COMPILER_APPICON_NAME = AppIcon;
				CODE_SIGN_STYLE = Automatic;
				DEVELOPMENT_TEAM = 3K5AC4PGQ7;
				INFOPLIST_FILE = "Eagles Yard Sale/Info.plist";
				LD_RUNPATH_SEARCH_PATHS = (
					"$(inherited)",
					"@executable_path/Frameworks",
				);
				PRODUCT_BUNDLE_IDENTIFIER = "com.liang.Eagles-Yard-Sale";
				PRODUCT_NAME = "$(TARGET_NAME)";
				SWIFT_VERSION = 4.2;
				TARGETED_DEVICE_FAMILY = "1,2";
			};
			name = Debug;
		};
		D16687D7226FD43D003C8E26 /* Release */ = {
			isa = XCBuildConfiguration;
			baseConfigurationReference = 17641F4EB3F836C457454F86 /* Pods-Eagles Yard Sale.release.xcconfig */;
			buildSettings = {
				ASSETCATALOG_COMPILER_APPICON_NAME = AppIcon;
				CODE_SIGN_STYLE = Automatic;
				DEVELOPMENT_TEAM = 3K5AC4PGQ7;
				INFOPLIST_FILE = "Eagles Yard Sale/Info.plist";
				LD_RUNPATH_SEARCH_PATHS = (
					"$(inherited)",
					"@executable_path/Frameworks",
				);
				PRODUCT_BUNDLE_IDENTIFIER = "com.liang.Eagles-Yard-Sale";
				PRODUCT_NAME = "$(TARGET_NAME)";
				SWIFT_VERSION = 4.2;
				TARGETED_DEVICE_FAMILY = "1,2";
			};
			name = Release;
		};
/* End XCBuildConfiguration section */

/* Begin XCConfigurationList section */
		D16687BE226FD43A003C8E26 /* Build configuration list for PBXProject "Eagles Yard Sale" */ = {
			isa = XCConfigurationList;
			buildConfigurations = (
				D16687D3226FD43D003C8E26 /* Debug */,
				D16687D4226FD43D003C8E26 /* Release */,
			);
			defaultConfigurationIsVisible = 0;
			defaultConfigurationName = Release;
		};
		D16687D5226FD43D003C8E26 /* Build configuration list for PBXNativeTarget "Eagles Yard Sale" */ = {
			isa = XCConfigurationList;
			buildConfigurations = (
				D16687D6226FD43D003C8E26 /* Debug */,
				D16687D7226FD43D003C8E26 /* Release */,
			);
			defaultConfigurationIsVisible = 0;
			defaultConfigurationName = Release;
		};
/* End XCConfigurationList section */
	};
	rootObject = D16687BB226FD43A003C8E26 /* Project object */;
}
